
Microsoft Visual Studio Solution File, Format Version 12.00
# Visual Studio Version 17
VisualStudioVersion = 17.8.34525.116
MinimumVisualStudioVersion = 10.0.40219.1
Project("{FAE04EC0-301F-11D3-BF4B-00C04F79EFBC}") = "Assembler", "Assembler.csproj", "{7E81E83E-BE9E-4F81-9EA3-FCFE10F1BB56}"
EndProject
Global
	GlobalSection(SolutionConfigurationPlatforms) = preSolution
		Debug|Any CPU = Debug|Any CPU
		Release|Any CPU = Release|Any CPU
	EndGlobalSection
	GlobalSection(ProjectConfigurationPlatforms) = postSolution
		{7E81E83E-BE9E-4F81-9EA3-FCFE10F1BB56}.Debug|Any CPU.ActiveCfg = Debug|Any CPU
		{7E81E83E-BE9E-4F81-9EA3-FCFE10F1BB56}.Debug|Any CPU.Build.0 = Debug|Any CPU
		{7E81E83E-BE9E-4F81-9EA3-FCFE10F1BB56}.Release|Any CPU.ActiveCfg = Release|Any CPU
		{7E81E83E-BE9E-4F81-9EA3-FCFE10F1BB56}.Release|Any CPU.Build.0 = Release|Any CPU
	EndGlobalSection
	GlobalSection(SolutionProperties) = preSolution
		HideSolutionNode = FALSE
	EndGlobalSection
	GlobalSection(ExtensibilityGlobals) = postSolution
		SolutionGuid = {6C70635E-6328-4B7F-962F-A332AD3CCFD2}
	EndGlobalSection
EndGlobal
